
Microsoft Visual Studio Solution File, Format Version 12.00
# Visual Studio Version 17
VisualStudioVersion = 17.9.34701.34
MinimumVisualStudioVersion = 10.0.40219.1
Project("{2150E333-8FDC-42A3-9474-1A3956D46DE8}") = "Solution Items", "Solution Items", "{B729C8B3-874F-43D1-AEA9-C67484832AC1}"
	ProjectSection(SolutionItems) = preProject
		.gitignore = .gitignore
		README.md = README.md
	EndProjectSection
EndProject
Project("{FAE04EC0-301F-11D3-BF4B-00C04F79EFBC}") = "TAG.Networking.Transbank", "TAG.Networking.Transbank\TAG.Networking.Transbank.csproj", "{FB9D0F22-ADF2-43A1-B271-0BFC95BEF00F}"
EndProject
Project("{FAE04EC0-301F-11D3-BF4B-00C04F79EFBC}") = "TAG.Payments.Transbank", "TAG.Payments.Transbank\TAG.Payments.Transbank.csproj", "{713E031C-D2D2-4F0A-88E9-7C6D726A2451}"
EndProject
Project("{FAE04EC0-301F-11D3-BF4B-00C04F79EFBC}") = "TAG.Networking.Transbank.Test", "TAG.Networking.Transbank.Test\TAG.Networking.Transbank.Test.csproj", "{3C1EFF90-416C-4155-A9BC-101833B27975}"
EndProject
Global
	GlobalSection(SolutionConfigurationPlatforms) = preSolution
		Debug|Any CPU = Debug|Any CPU
		Release|Any CPU = Release|Any CPU
	EndGlobalSection
	GlobalSection(ProjectConfigurationPlatforms) = postSolution
		{FB9D0F22-ADF2-43A1-B271-0BFC95BEF00F}.Debug|Any CPU.ActiveCfg = Debug|Any CPU
		{FB9D0F22-ADF2-43A1-B271-0BFC95BEF00F}.Debug|Any CPU.Build.0 = Debug|Any CPU
		{FB9D0F22-ADF2-43A1-B271-0BFC95BEF00F}.Release|Any CPU.ActiveCfg = Release|Any CPU
		{FB9D0F22-ADF2-43A1-B271-0BFC95BEF00F}.Release|Any CPU.Build.0 = Release|Any CPU
		{713E031C-D2D2-4F0A-88E9-7C6D726A2451}.Debug|Any CPU.ActiveCfg = Debug|Any CPU
		{713E031C-D2D2-4F0A-88E9-7C6D726A2451}.Debug|Any CPU.Build.0 = Debug|Any CPU
		{713E031C-D2D2-4F0A-88E9-7C6D726A2451}.Release|Any CPU.ActiveCfg = Release|Any CPU
		{713E031C-D2D2-4F0A-88E9-7C6D726A2451}.Release|Any CPU.Build.0 = Release|Any CPU
		{3C1EFF90-416C-4155-A9BC-101833B27975}.Debug|Any CPU.ActiveCfg = Debug|Any CPU
		{3C1EFF90-416C-4155-A9BC-101833B27975}.Debug|Any CPU.Build.0 = Debug|Any CPU
		{3C1EFF90-416C-4155-A9BC-101833B27975}.Release|Any CPU.ActiveCfg = Release|Any CPU
		{3C1EFF90-416C-4155-A9BC-101833B27975}.Release|Any CPU.Build.0 = Release|Any CPU
	EndGlobalSection
	GlobalSection(SolutionProperties) = preSolution
		HideSolutionNode = FALSE
	EndGlobalSection
	GlobalSection(ExtensibilityGlobals) = postSolution
		SolutionGuid = {EDC9A74C-1DB2-444E-BC7E-D472DA4487D6}
	EndGlobalSection
EndGlobal
